// !$*UTF8*$!
{
	archiveVersion = 1;
	classes = {
	};
	objectVersion = 50;
	objects = {

/* Begin PBXBuildFile section */
		F8E38ED6211CBD3A004DC2A8 /* AppDelegate.swift in Sources */ = {isa = PBXBuildFile; fileRef = F8E38ED5211CBD3A004DC2A8 /* AppDelegate.swift */; };
		F8E38ED8211CBD3A004DC2A8 /* ViewController.swift in Sources */ = {isa = PBXBuildFile; fileRef = F8E38ED7211CBD3A004DC2A8 /* ViewController.swift */; };
		F8E38EDB211CBD3A004DC2A8 /* Main.storyboard in Resources */ = {isa = PBXBuildFile; fileRef = F8E38ED9211CBD3A004DC2A8 /* Main.storyboard */; };
		F8E38EDD211CBD3D004DC2A8 /* Assets.xcassets in Resources */ = {isa = PBXBuildFile; fileRef = F8E38EDC211CBD3D004DC2A8 /* Assets.xcassets */; };
		F8E38EE0211CBD3D004DC2A8 /* LaunchScreen.storyboard in Resources */ = {isa = PBXBuildFile; fileRef = F8E38EDE211CBD3D004DC2A8 /* LaunchScreen.storyboard */; };
		F8E38EEB211CBD3D004DC2A8 /* JobCoinTests.swift in Sources */ = {isa = PBXBuildFile; fileRef = F8E38EEA211CBD3D004DC2A8 /* JobCoinTests.swift */; };
		F8E38EF6211CBD3D004DC2A8 /* JobCoinUITests.swift in Sources */ = {isa = PBXBuildFile; fileRef = F8E38EF5211CBD3D004DC2A8 /* JobCoinUITests.swift */; };
/* End PBXBuildFile section */

/* Begin PBXContainerItemProxy section */
		F8E38EE7211CBD3D004DC2A8 /* PBXContainerItemProxy */ = {
			isa = PBXContainerItemProxy;
			containerPortal = F8E38ECA211CBD3A004DC2A8 /* Project object */;
			proxyType = 1;
			remoteGlobalIDString = F8E38ED1211CBD3A004DC2A8;
			remoteInfo = JobCoin;
		};
		F8E38EF2211CBD3D004DC2A8 /* PBXContainerItemProxy */ = {
			isa = PBXContainerItemProxy;
			containerPortal = F8E38ECA211CBD3A004DC2A8 /* Project object */;
			proxyType = 1;
			remoteGlobalIDString = F8E38ED1211CBD3A004DC2A8;
			remoteInfo = JobCoin;
		};
/* End PBXContainerItemProxy section */

/* Begin PBXFileReference section */
		F8E38ED2211CBD3A004DC2A8 /* JobCoin.app */ = {isa = PBXFileReference; explicitFileType = wrapper.application; includeInIndex = 0; path = JobCoin.app; sourceTree = BUILT_PRODUCTS_DIR; };
		F8E38ED5211CBD3A004DC2A8 /* AppDelegate.swift */ = {isa = PBXFileReference; lastKnownFileType = sourcecode.swift; path = AppDelegate.swift; sourceTree = "<group>"; };
		F8E38ED7211CBD3A004DC2A8 /* ViewController.swift */ = {isa = PBXFileReference; lastKnownFileType = sourcecode.swift; path = ViewController.swift; sourceTree = "<group>"; };
		F8E38EDA211CBD3A004DC2A8 /* Base */ = {isa = PBXFileReference; lastKnownFileType = file.storyboard; name = Base; path = Base.lproj/Main.storyboard; sourceTree = "<group>"; };
		F8E38EDC211CBD3D004DC2A8 /* Assets.xcassets */ = {isa = PBXFileReference; lastKnownFileType = folder.assetcatalog; path = Assets.xcassets; sourceTree = "<group>"; };
		F8E38EDF211CBD3D004DC2A8 /* Base */ = {isa = PBXFileReference; lastKnownFileType = file.storyboard; name = Base; path = Base.lproj/LaunchScreen.storyboard; sourceTree = "<group>"; };
		F8E38EE1211CBD3D004DC2A8 /* Info.plist */ = {isa = PBXFileReference; lastKnownFileType = text.plist.xml; path = Info.plist; sourceTree = "<group>"; };
		F8E38EE6211CBD3D004DC2A8 /* JobCoinTests.xctest */ = {isa = PBXFileReference; explicitFileType = wrapper.cfbundle; includeInIndex = 0; path = JobCoinTests.xctest; sourceTree = BUILT_PRODUCTS_DIR; };
		F8E38EEA211CBD3D004DC2A8 /* JobCoinTests.swift */ = {isa = PBXFileReference; lastKnownFileType = sourcecode.swift; path = JobCoinTests.swift; sourceTree = "<group>"; };
		F8E38EEC211CBD3D004DC2A8 /* Info.plist */ = {isa = PBXFileReference; lastKnownFileType = text.plist.xml; path = Info.plist; sourceTree = "<group>"; };
		F8E38EF1211CBD3D004DC2A8 /* JobCoinUITests.xctest */ = {isa = PBXFileReference; explicitFileType = wrapper.cfbundle; includeInIndex = 0; path = JobCoinUITests.xctest; sourceTree = BUILT_PRODUCTS_DIR; };
		F8E38EF5211CBD3D004DC2A8 /* JobCoinUITests.swift */ = {isa = PBXFileReference; lastKnownFileType = sourcecode.swift; path = JobCoinUITests.swift; sourceTree = "<group>"; };
		F8E38EF7211CBD3D004DC2A8 /* Info.plist */ = {isa = PBXFileReference; lastKnownFileType = text.plist.xml; path = Info.plist; sourceTree = "<group>"; };
/* End PBXFileReference section */

/* Begin PBXFrameworksBuildPhase section */
		F8E38ECF211CBD3A004DC2A8 /* Frameworks */ = {
			isa = PBXFrameworksBuildPhase;
			buildActionMask = 2147483647;
			files = (
			);
			runOnlyForDeploymentPostprocessing = 0;
		};
		F8E38EE3211CBD3D004DC2A8 /* Frameworks */ = {
			isa = PBXFrameworksBuildPhase;
			buildActionMask = 2147483647;
			files = (
			);
			runOnlyForDeploymentPostprocessing = 0;
		};
		F8E38EEE211CBD3D004DC2A8 /* Frameworks */ = {
			isa = PBXFrameworksBuildPhase;
			buildActionMask = 2147483647;
			files = (
			);
			runOnlyForDeploymentPostprocessing = 0;
		};
/* End PBXFrameworksBuildPhase section */

/* Begin PBXGroup section */
		F8E38EC9211CBD3A004DC2A8 = {
			isa = PBXGroup;
			children = (
				F8E38ED4211CBD3A004DC2A8 /* JobCoin */,
				F8E38EE9211CBD3D004DC2A8 /* JobCoinTests */,
				F8E38EF4211CBD3D004DC2A8 /* JobCoinUITests */,
				F8E38ED3211CBD3A004DC2A8 /* Products */,
			);
			sourceTree = "<group>";
		};
		F8E38ED3211CBD3A004DC2A8 /* Products */ = {
			isa = PBXGroup;
			children = (
				F8E38ED2211CBD3A004DC2A8 /* JobCoin.app */,
				F8E38EE6211CBD3D004DC2A8 /* JobCoinTests.xctest */,
				F8E38EF1211CBD3D004DC2A8 /* JobCoinUITests.xctest */,
			);
			name = Products;
			sourceTree = "<group>";
		};
		F8E38ED4211CBD3A004DC2A8 /* JobCoin */ = {
			isa = PBXGroup;
			children = (
				F8E38ED5211CBD3A004DC2A8 /* AppDelegate.swift */,
				F8E38ED7211CBD3A004DC2A8 /* ViewController.swift */,
				F8E38ED9211CBD3A004DC2A8 /* Main.storyboard */,
				F8E38EDC211CBD3D004DC2A8 /* Assets.xcassets */,
				F8E38EDE211CBD3D004DC2A8 /* LaunchScreen.storyboard */,
				F8E38EE1211CBD3D004DC2A8 /* Info.plist */,
			);
			path = JobCoin;
			sourceTree = "<group>";
		};
		F8E38EE9211CBD3D004DC2A8 /* JobCoinTests */ = {
			isa = PBXGroup;
			children = (
				F8E38EEA211CBD3D004DC2A8 /* JobCoinTests.swift */,
				F8E38EEC211CBD3D004DC2A8 /* Info.plist */,
			);
			path = JobCoinTests;
			sourceTree = "<group>";
		};
		F8E38EF4211CBD3D004DC2A8 /* JobCoinUITests */ = {
			isa = PBXGroup;
			children = (
				F8E38EF5211CBD3D004DC2A8 /* JobCoinUITests.swift */,
				F8E38EF7211CBD3D004DC2A8 /* Info.plist */,
			);
			path = JobCoinUITests;
			sourceTree = "<group>";
		};
/* End PBXGroup section */

/* Begin PBXNativeTarget section */
		F8E38ED1211CBD3A004DC2A8 /* JobCoin */ = {
			isa = PBXNativeTarget;
			buildConfigurationList = F8E38EFA211CBD3D004DC2A8 /* Build configuration list for PBXNativeTarget "JobCoin" */;
			buildPhases = (
				F8E38ECE211CBD3A004DC2A8 /* Sources */,
				F8E38ECF211CBD3A004DC2A8 /* Frameworks */,
				F8E38ED0211CBD3A004DC2A8 /* Resources */,
			);
			buildRules = (
			);
			dependencies = (
			);
			name = JobCoin;
			productName = JobCoin;
			productReference = F8E38ED2211CBD3A004DC2A8 /* JobCoin.app */;
			productType = "com.apple.product-type.application";
		};
		F8E38EE5211CBD3D004DC2A8 /* JobCoinTests */ = {
			isa = PBXNativeTarget;
			buildConfigurationList = F8E38EFD211CBD3D004DC2A8 /* Build configuration list for PBXNativeTarget "JobCoinTests" */;
			buildPhases = (
				F8E38EE2211CBD3D004DC2A8 /* Sources */,
				F8E38EE3211CBD3D004DC2A8 /* Frameworks */,
				F8E38EE4211CBD3D004DC2A8 /* Resources */,
			);
			buildRules = (
			);
			dependencies = (
				F8E38EE8211CBD3D004DC2A8 /* PBXTargetDependency */,
			);
			name = JobCoinTests;
			productName = JobCoinTests;
			productReference = F8E38EE6211CBD3D004DC2A8 /* JobCoinTests.xctest */;
			productType = "com.apple.product-type.bundle.unit-test";
		};
		F8E38EF0211CBD3D004DC2A8 /* JobCoinUITests */ = {
			isa = PBXNativeTarget;
			buildConfigurationList = F8E38F00211CBD3D004DC2A8 /* Build configuration list for PBXNativeTarget "JobCoinUITests" */;
			buildPhases = (
				F8E38EED211CBD3D004DC2A8 /* Sources */,
				F8E38EEE211CBD3D004DC2A8 /* Frameworks */,
				F8E38EEF211CBD3D004DC2A8 /* Resources */,
			);
			buildRules = (
			);
			dependencies = (
				F8E38EF3211CBD3D004DC2A8 /* PBXTargetDependency */,
			);
			name = JobCoinUITests;
			productName = JobCoinUITests;
			productReference = F8E38EF1211CBD3D004DC2A8 /* JobCoinUITests.xctest */;
			productType = "com.apple.product-type.bundle.ui-testing";
		};
/* End PBXNativeTarget section */

/* Begin PBXProject section */
		F8E38ECA211CBD3A004DC2A8 /* Project object */ = {
			isa = PBXProject;
			attributes = {
				LastSwiftUpdateCheck = 0940;
				LastUpgradeCheck = 0940;
				ORGANIZATIONNAME = Justin;
				TargetAttributes = {
					F8E38ED1211CBD3A004DC2A8 = {
						CreatedOnToolsVersion = 9.4.1;
					};
					F8E38EE5211CBD3D004DC2A8 = {
						CreatedOnToolsVersion = 9.4.1;
						TestTargetID = F8E38ED1211CBD3A004DC2A8;
					};
					F8E38EF0211CBD3D004DC2A8 = {
						CreatedOnToolsVersion = 9.4.1;
						TestTargetID = F8E38ED1211CBD3A004DC2A8;
					};
				};
			};
			buildConfigurationList = F8E38ECD211CBD3A004DC2A8 /* Build configuration list for PBXProject "JobCoin" */;
			compatibilityVersion = "Xcode 9.3";
			developmentRegion = en;
			hasScannedForEncodings = 0;
			knownRegions = (
				en,
				Base,
			);
			mainGroup = F8E38EC9211CBD3A004DC2A8;
			productRefGroup = F8E38ED3211CBD3A004DC2A8 /* Products */;
			projectDirPath = "";
			projectRoot = "";
			targets = (
				F8E38ED1211CBD3A004DC2A8 /* JobCoin */,
				F8E38EE5211CBD3D004DC2A8 /* JobCoinTests */,
				F8E38EF0211CBD3D004DC2A8 /* JobCoinUITests */,
			);
		};
/* End PBXProject section */

/* Begin PBXResourcesBuildPhase section */
		F8E38ED0211CBD3A004DC2A8 /* Resources */ = {
			isa = PBXResourcesBuildPhase;
			buildActionMask = 2147483647;
			files = (
				F8E38EE0211CBD3D004DC2A8 /* LaunchScreen.storyboard in Resources */,
				F8E38EDD211CBD3D004DC2A8 /* Assets.xcassets in Resources */,
				F8E38EDB211CBD3A004DC2A8 /* Main.storyboard in Resources */,
			);
			runOnlyForDeploymentPostprocessing = 0;
		};
		F8E38EE4211CBD3D004DC2A8 /* Resources */ = {
			isa = PBXResourcesBuildPhase;
			buildActionMask = 2147483647;
			files = (
			);
			runOnlyForDeploymentPostprocessing = 0;
		};
		F8E38EEF211CBD3D004DC2A8 /* Resources */ = {
			isa = PBXResourcesBuildPhase;
			buildActionMask = 2147483647;
			files = (
			);
			runOnlyForDeploymentPostprocessing = 0;
		};
/* End PBXResourcesBuildPhase section */

/* Begin PBXSourcesBuildPhase section */
		F8E38ECE211CBD3A004DC2A8 /* Sources */ = {
			isa = PBXSourcesBuildPhase;
			buildActionMask = 2147483647;
			files = (
				F8E38ED8211CBD3A004DC2A8 /* ViewController.swift in Sources */,
				F8E38ED6211CBD3A004DC2A8 /* AppDelegate.swift in Sources */,
			);
			runOnlyForDeploymentPostprocessing = 0;
		};
		F8E38EE2211CBD3D004DC2A8 /* Sources */ = {
			isa = PBXSourcesBuildPhase;
			buildActionMask = 2147483647;
			files = (
				F8E38EEB211CBD3D004DC2A8 /* JobCoinTests.swift in Sources */,
			);
			runOnlyForDeploymentPostprocessing = 0;
		};
		F8E38EED211CBD3D004DC2A8 /* Sources */ = {
			isa = PBXSourcesBuildPhase;
			buildActionMask = 2147483647;
			files = (
				F8E38EF6211CBD3D004DC2A8 /* JobCoinUITests.swift in Sources */,
			);
			runOnlyForDeploymentPostprocessing = 0;
		};
/* End PBXSourcesBuildPhase section */

/* Begin PBXTargetDependency section */
		F8E38EE8211CBD3D004DC2A8 /* PBXTargetDependency */ = {
			isa = PBXTargetDependency;
			target = F8E38ED1211CBD3A004DC2A8 /* JobCoin */;
			targetProxy = F8E38EE7211CBD3D004DC2A8 /* PBXContainerItemProxy */;
		};
		F8E38EF3211CBD3D004DC2A8 /* PBXTargetDependency */ = {
			isa = PBXTargetDependency;
			target = F8E38ED1211CBD3A004DC2A8 /* JobCoin */;
			targetProxy = F8E38EF2211CBD3D004DC2A8 /* PBXContainerItemProxy */;
		};
/* End PBXTargetDependency section */

/* Begin PBXVariantGroup section */
		F8E38ED9211CBD3A004DC2A8 /* Main.storyboard */ = {
			isa = PBXVariantGroup;
			children = (
				F8E38EDA211CBD3A004DC2A8 /* Base */,
			);
			name = Main.storyboard;
			sourceTree = "<group>";
		};
		F8E38EDE211CBD3D004DC2A8 /* LaunchScreen.storyboard */ = {
			isa = PBXVariantGroup;
			children = (
				F8E38EDF211CBD3D004DC2A8 /* Base */,
			);
			name = LaunchScreen.storyboard;
			sourceTree = "<group>";
		};
/* End PBXVariantGroup section */

/* Begin XCBuildConfiguration section */
		F8E38EF8211CBD3D004DC2A8 /* Debug */ = {
			isa = XCBuildConfiguration;
			buildSettings = {
				ALWAYS_SEARCH_USER_PATHS = NO;
				CLANG_ANALYZER_NONNULL = YES;
				CLANG_ANALYZER_NUMBER_OBJECT_CONVERSION = YES_AGGRESSIVE;
				CLANG_CXX_LANGUAGE_STANDARD = "gnu++14";
				CLANG_CXX_LIBRARY = "libc++";
				CLANG_ENABLE_MODULES = YES;
				CLANG_ENABLE_OBJC_ARC = YES;
				CLANG_ENABLE_OBJC_WEAK = YES;
				CLANG_WARN_BLOCK_CAPTURE_AUTORELEASING = YES;
				CLANG_WARN_BOOL_CONVERSION = YES;
				CLANG_WARN_COMMA = YES;
				CLANG_WARN_CONSTANT_CONVERSION = YES;
				CLANG_WARN_DEPRECATED_OBJC_IMPLEMENTATIONS = YES;
				CLANG_WARN_DIRECT_OBJC_ISA_USAGE = YES_ERROR;
				CLANG_WARN_DOCUMENTATION_COMMENTS = YES;
				CLANG_WARN_EMPTY_BODY = YES;
				CLANG_WARN_ENUM_CONVERSION = YES;
				CLANG_WARN_INFINITE_RECURSION = YES;
				CLANG_WARN_INT_CONVERSION = YES;
				CLANG_WARN_NON_LITERAL_NULL_CONVERSION = YES;
				CLANG_WARN_OBJC_IMPLICIT_RETAIN_SELF = YES;
				CLANG_WARN_OBJC_LITERAL_CONVERSION = YES;
				CLANG_WARN_OBJC_ROOT_CLASS = YES_ERROR;
				CLANG_WARN_RANGE_LOOP_ANALYSIS = YES;
				CLANG_WARN_STRICT_PROTOTYPES = YES;
				CLANG_WARN_SUSPICIOUS_MOVE = YES;
				CLANG_WARN_UNGUARDED_AVAILABILITY = YES_AGGRESSIVE;
				CLANG_WARN_UNREACHABLE_CODE = YES;
				CLANG_WARN__DUPLICATE_METHOD_MATCH = YES;
				CODE_SIGN_IDENTITY = "iPhone Developer";
				COPY_PHASE_STRIP = NO;
				DEBUG_INFORMATION_FORMAT = dwarf;
				ENABLE_STRICT_OBJC_MSGSEND = YES;
				ENABLE_TESTABILITY = YES;
				GCC_C_LANGUAGE_STANDARD = gnu11;
				GCC_DYNAMIC_NO_PIC = NO;
				GCC_NO_COMMON_BLOCKS = YES;
				GCC_OPTIMIZATION_LEVEL = 0;
				GCC_PREPROCESSOR_DEFINITIONS = (
					"DEBUG=1",
					"$(inherited)",
				);
				GCC_WARN_64_TO_32_BIT_CONVERSION = YES;
				GCC_WARN_ABOUT_RETURN_TYPE = YES_ERROR;
				GCC_WARN_UNDECLARED_SELECTOR = YES;
				GCC_WARN_UNINITIALIZED_AUTOS = YES_AGGRESSIVE;
				GCC_WARN_UNUSED_FUNCTION = YES;
				GCC_WARN_UNUSED_VARIABLE = YES;
				IPHONEOS_DEPLOYMENT_TARGET = 11.4;
				MTL_ENABLE_DEBUG_INFO = YES;
				ONLY_ACTIVE_ARCH = YES;
				SDKROOT = iphoneos;
				SWIFT_ACTIVE_COMPILATION_CONDITIONS = DEBUG;
				SWIFT_OPTIMIZATION_LEVEL = "-Onone";
			};
			name = Debug;
		};
		F8E38EF9211CBD3D004DC2A8 /* Release */ = {
			isa = XCBuildConfiguration;
			buildSettings = {
				ALWAYS_SEARCH_USER_PATHS = NO;
				CLANG_ANALYZER_NONNULL = YES;
				CLANG_ANALYZER_NUMBER_OBJECT_CONVERSION = YES_AGGRESSIVE;
				CLANG_CXX_LANGUAGE_STANDARD = "gnu++14";
				CLANG_CXX_LIBRARY = "libc++";
				CLANG_ENABLE_MODULES = YES;
				CLANG_ENABLE_OBJC_ARC = YES;
				CLANG_ENABLE_OBJC_WEAK = YES;
				CLANG_WARN_BLOCK_CAPTURE_AUTORELEASING = YES;
				CLANG_WARN_BOOL_CONVERSION = YES;
				CLANG_WARN_COMMA = YES;
				CLANG_WARN_CONSTANT_CONVERSION = YES;
				CLANG_WARN_DEPRECATED_OBJC_IMPLEMENTATIONS = YES;
				CLANG_WARN_DIRECT_OBJC_ISA_USAGE = YES_ERROR;
				CLANG_WARN_DOCUMENTATION_COMMENTS = YES;
				CLANG_WARN_EMPTY_BODY = YES;
				CLANG_WARN_ENUM_CONVERSION = YES;
				CLANG_WARN_INFINITE_RECURSION = YES;
				CLANG_WARN_INT_CONVERSION = YES;
				CLANG_WARN_NON_LITERAL_NULL_CONVERSION = YES;
				CLANG_WARN_OBJC_IMPLICIT_RETAIN_SELF = YES;
				CLANG_WARN_OBJC_LITERAL_CONVERSION = YES;
				CLANG_WARN_OBJC_ROOT_CLASS = YES_ERROR;
				CLANG_WARN_RANGE_LOOP_ANALYSIS = YES;
				CLANG_WARN_STRICT_PROTOTYPES = YES;
				CLANG_WARN_SUSPICIOUS_MOVE = YES;
				CLANG_WARN_UNGUARDED_AVAILABILITY = YES_AGGRESSIVE;
				CLANG_WARN_UNREACHABLE_CODE = YES;
				CLANG_WARN__DUPLICATE_METHOD_MATCH = YES;
				CODE_SIGN_IDENTITY = "iPhone Developer";
				COPY_PHASE_STRIP = NO;
				DEBUG_INFORMATION_FORMAT = "dwarf-with-dsym";
				ENABLE_NS_ASSERTIONS = NO;
				ENABLE_STRICT_OBJC_MSGSEND = YES;
				GCC_C_LANGUAGE_STANDARD = gnu11;
				GCC_NO_COMMON_BLOCKS = YES;
				GCC_WARN_64_TO_32_BIT_CONVERSION = YES;
				GCC_WARN_ABOUT_RETURN_TYPE = YES_ERROR;
				GCC_WARN_UNDECLARED_SELECTOR = YES;
				GCC_WARN_UNINITIALIZED_AUTOS = YES_AGGRESSIVE;
				GCC_WARN_UNUSED_FUNCTION = YES;
				GCC_WARN_UNUSED_VARIABLE = YES;
				IPHONEOS_DEPLOYMENT_TARGET = 11.4;
				MTL_ENABLE_DEBUG_INFO = NO;
				SDKROOT = iphoneos;
				SWIFT_COMPILATION_MODE = wholemodule;
				SWIFT_OPTIMIZATION_LEVEL = "-O";
				VALIDATE_PRODUCT = YES;
			};
			name = Release;
		};
		F8E38EFB211CBD3D004DC2A8 /* Debug */ = {
			isa = XCBuildConfiguration;
			buildSettings = {
				ASSETCATALOG_COMPILER_APPICON_NAME = AppIcon;
				CODE_SIGN_STYLE = Automatic;
				INFOPLIST_FILE = JobCoin/Info.plist;
				LD_RUNPATH_SEARCH_PATHS = (
					"$(inherited)",
					"@executable_path/Frameworks",
				);
				PRODUCT_BUNDLE_IDENTIFIER = com.justin.haddadnia.JobCoin;
				PRODUCT_NAME = "$(TARGET_NAME)";
				SWIFT_VERSION = 4.0;
				TARGETED_DEVICE_FAMILY = "1,2";
			};
			name = Debug;
		};
		F8E38EFC211CBD3D004DC2A8 /* Release */ = {
			isa = XCBuildConfiguration;
			buildSettings = {
				ASSETCATALOG_COMPILER_APPICON_NAME = AppIcon;
				CODE_SIGN_STYLE = Automatic;
				INFOPLIST_FILE = JobCoin/Info.plist;
				LD_RUNPATH_SEARCH_PATHS = (
					"$(inherited)",
					"@executable_path/Frameworks",
				);
				PRODUCT_BUNDLE_IDENTIFIER = com.justin.haddadnia.JobCoin;
				PRODUCT_NAME = "$(TARGET_NAME)";
				SWIFT_VERSION = 4.0;
				TARGETED_DEVICE_FAMILY = "1,2";
			};
			name = Release;
		};
		F8E38EFE211CBD3D004DC2A8 /* Debug */ = {
			isa = XCBuildConfiguration;
			buildSettings = {
				ALWAYS_EMBED_SWIFT_STANDARD_LIBRARIES = YES;
				BUNDLE_LOADER = "$(TEST_HOST)";
				CODE_SIGN_STYLE = Automatic;
				INFOPLIST_FILE = JobCoinTests/Info.plist;
				LD_RUNPATH_SEARCH_PATHS = (
					"$(inherited)",
					"@executable_path/Frameworks",
					"@loader_path/Frameworks",
				);
				PRODUCT_BUNDLE_IDENTIFIER = com.justin.haddadnia.JobCoinTests;
				PRODUCT_NAME = "$(TARGET_NAME)";
				SWIFT_VERSION = 4.0;
				TARGETED_DEVICE_FAMILY = "1,2";
				TEST_HOST = "$(BUILT_PRODUCTS_DIR)/JobCoin.app/JobCoin";
			};
			name = Debug;
		};
		F8E38EFF211CBD3D004DC2A8 /* Release */ = {
			isa = XCBuildConfiguration;
			buildSettings = {
				ALWAYS_EMBED_SWIFT_STANDARD_LIBRARIES = YES;
				BUNDLE_LOADER = "$(TEST_HOST)";
				CODE_SIGN_STYLE = Automatic;
				INFOPLIST_FILE = JobCoinTests/Info.plist;
				LD_RUNPATH_SEARCH_PATHS = (
					"$(inherited)",
					"@executable_path/Frameworks",
					"@loader_path/Frameworks",
				);
				PRODUCT_BUNDLE_IDENTIFIER = com.justin.haddadnia.JobCoinTests;
				PRODUCT_NAME = "$(TARGET_NAME)";
				SWIFT_VERSION = 4.0;
				TARGETED_DEVICE_FAMILY = "1,2";
				TEST_HOST = "$(BUILT_PRODUCTS_DIR)/JobCoin.app/JobCoin";
			};
			name = Release;
		};
		F8E38F01211CBD3D004DC2A8 /* Debug */ = {
			isa = XCBuildConfiguration;
			buildSettings = {
				ALWAYS_EMBED_SWIFT_STANDARD_LIBRARIES = YES;
				CODE_SIGN_STYLE = Automatic;
				INFOPLIST_FILE = JobCoinUITests/Info.plist;
				LD_RUNPATH_SEARCH_PATHS = (
					"$(inherited)",
					"@executable_path/Frameworks",
					"@loader_path/Frameworks",
				);
				PRODUCT_BUNDLE_IDENTIFIER = com.justin.haddadnia.JobCoinUITests;
				PRODUCT_NAME = "$(TARGET_NAME)";
				SWIFT_VERSION = 4.0;
				TARGETED_DEVICE_FAMILY = "1,2";
				TEST_TARGET_NAME = JobCoin;
			};
			name = Debug;
		};
		F8E38F02211CBD3D004DC2A8 /* Release */ = {
			isa = XCBuildConfiguration;
			buildSettings = {
				ALWAYS_EMBED_SWIFT_STANDARD_LIBRARIES = YES;
				CODE_SIGN_STYLE = Automatic;
				INFOPLIST_FILE = JobCoinUITests/Info.plist;
				LD_RUNPATH_SEARCH_PATHS = (
					"$(inherited)",
					"@executable_path/Frameworks",
					"@loader_path/Frameworks",
				);
				PRODUCT_BUNDLE_IDENTIFIER = com.justin.haddadnia.JobCoinUITests;
				PRODUCT_NAME = "$(TARGET_NAME)";
				SWIFT_VERSION = 4.0;
				TARGETED_DEVICE_FAMILY = "1,2";
				TEST_TARGET_NAME = JobCoin;
			};
			name = Release;
		};
/* End XCBuildConfiguration section */

/* Begin XCConfigurationList section */
		F8E38ECD211CBD3A004DC2A8 /* Build configuration list for PBXProject "JobCoin" */ = {
			isa = XCConfigurationList;
			buildConfigurations = (
				F8E38EF8211CBD3D004DC2A8 /* Debug */,
				F8E38EF9211CBD3D004DC2A8 /* Release */,
			);
			defaultConfigurationIsVisible = 0;
			defaultConfigurationName = Release;
		};
		F8E38EFA211CBD3D004DC2A8 /* Build configuration list for PBXNativeTarget "JobCoin" */ = {
			isa = XCConfigurationList;
			buildConfigurations = (
				F8E38EFB211CBD3D004DC2A8 /* Debug */,
				F8E38EFC211CBD3D004DC2A8 /* Release */,
			);
			defaultConfigurationIsVisible = 0;
			defaultConfigurationName = Release;
		};
		F8E38EFD211CBD3D004DC2A8 /* Build configuration list for PBXNativeTarget "JobCoinTests" */ = {
			isa = XCConfigurationList;
			buildConfigurations = (
				F8E38EFE211CBD3D004DC2A8 /* Debug */,
				F8E38EFF211CBD3D004DC2A8 /* Release */,
			);
			defaultConfigurationIsVisible = 0;
			defaultConfigurationName = Release;
		};
		F8E38F00211CBD3D004DC2A8 /* Build configuration list for PBXNativeTarget "JobCoinUITests" */ = {
			isa = XCConfigurationList;
			buildConfigurations = (
				F8E38F01211CBD3D004DC2A8 /* Debug */,
				F8E38F02211CBD3D004DC2A8 /* Release */,
			);
			defaultConfigurationIsVisible = 0;
			defaultConfigurationName = Release;
		};
/* End XCConfigurationList section */
	};
	rootObject = F8E38ECA211CBD3A004DC2A8 /* Project object */;
}
